
Microsoft Visual Studio Solution File, Format Version 12.00
# Visual Studio Version 17
VisualStudioVersion = 17.5.2.0
MinimumVisualStudioVersion = 10.0.40219.1
Project("{FAE04EC0-301F-11D3-BF4B-00C04F79EFBC}") = "DataverseMetadataMcp.Server", "DataverseMetadataMcp.Server\DataverseMetadataMcp.Server.csproj", "{3906E061-EBCA-DBFC-31A5-2476EC8A2148}"
EndProject
Project("{FAE04EC0-301F-11D3-BF4B-00C04F79EFBC}") = "DataverseMetadataMcp.Tools", "DataverseMetadataMcp.Tools\DataverseMetadataMcp.Tools.csproj", "{CDAF1D83-2F05-4889-A4C9-B1A4E4D51D66}"
EndProject
Project("{FAE04EC0-301F-11D3-BF4B-00C04F79EFBC}") = "DataverseMetadataMcp.Tools.Tests", "DataverseMetadataMcp.Tools.Tests\DataverseMetadataMcp.Tools.Tests.csproj", "{B8E4F6C2-9A3D-4F5E-8B7A-1C2D3E4F5A6B}"
EndProject
Global
	GlobalSection(SolutionConfigurationPlatforms) = preSolution
		Debug|Any CPU = Debug|Any CPU
		Debug|x64 = Debug|x64
		Debug|x86 = Debug|x86
		Release|Any CPU = Release|Any CPU
		Release|x64 = Release|x64
		Release|x86 = Release|x86
	EndGlobalSection
	GlobalSection(ProjectConfigurationPlatforms) = postSolution
		{3906E061-EBCA-DBFC-31A5-2476EC8A2148}.Debug|Any CPU.ActiveCfg = Debug|Any CPU
		{3906E061-EBCA-DBFC-31A5-2476EC8A2148}.Debug|Any CPU.Build.0 = Debug|Any CPU
		{3906E061-EBCA-DBFC-31A5-2476EC8A2148}.Debug|x64.ActiveCfg = Debug|Any CPU
		{3906E061-EBCA-DBFC-31A5-2476EC8A2148}.Debug|x64.Build.0 = Debug|Any CPU
		{3906E061-EBCA-DBFC-31A5-2476EC8A2148}.Debug|x86.ActiveCfg = Debug|Any CPU
		{3906E061-EBCA-DBFC-31A5-2476EC8A2148}.Debug|x86.Build.0 = Debug|Any CPU
		{3906E061-EBCA-DBFC-31A5-2476EC8A2148}.Release|Any CPU.ActiveCfg = Release|Any CPU
		{3906E061-EBCA-DBFC-31A5-2476EC8A2148}.Release|Any CPU.Build.0 = Release|Any CPU
		{3906E061-EBCA-DBFC-31A5-2476EC8A2148}.Release|x64.ActiveCfg = Release|Any CPU
		{3906E061-EBCA-DBFC-31A5-2476EC8A2148}.Release|x64.Build.0 = Release|Any CPU
		{3906E061-EBCA-DBFC-31A5-2476EC8A2148}.Release|x86.ActiveCfg = Release|Any CPU
		{3906E061-EBCA-DBFC-31A5-2476EC8A2148}.Release|x86.Build.0 = Release|Any CPU
		{CDAF1D83-2F05-4889-A4C9-B1A4E4D51D66}.Debug|Any CPU.ActiveCfg = Debug|Any CPU
		{CDAF1D83-2F05-4889-A4C9-B1A4E4D51D66}.Debug|Any CPU.Build.0 = Debug|Any CPU
		{CDAF1D83-2F05-4889-A4C9-B1A4E4D51D66}.Debug|x64.ActiveCfg = Debug|Any CPU
		{CDAF1D83-2F05-4889-A4C9-B1A4E4D51D66}.Debug|x64.Build.0 = Debug|Any CPU
		{CDAF1D83-2F05-4889-A4C9-B1A4E4D51D66}.Debug|x86.ActiveCfg = Debug|Any CPU
		{CDAF1D83-2F05-4889-A4C9-B1A4E4D51D66}.Debug|x86.Build.0 = Debug|Any CPU
		{CDAF1D83-2F05-4889-A4C9-B1A4E4D51D66}.Release|Any CPU.ActiveCfg = Release|Any CPU
		{CDAF1D83-2F05-4889-A4C9-B1A4E4D51D66}.Release|Any CPU.Build.0 = Release|Any CPU
		{CDAF1D83-2F05-4889-A4C9-B1A4E4D51D66}.Release|x64.ActiveCfg = Release|Any CPU
		{CDAF1D83-2F05-4889-A4C9-B1A4E4D51D66}.Release|x64.Build.0 = Release|Any CPU
		{CDAF1D83-2F05-4889-A4C9-B1A4E4D51D66}.Release|x86.ActiveCfg = Release|Any CPU
		{CDAF1D83-2F05-4889-A4C9-B1A4E4D51D66}.Release|x86.Build.0 = Release|Any CPU
		{B8E4F6C2-9A3D-4F5E-8B7A-1C2D3E4F5A6B}.Debug|Any CPU.ActiveCfg = Debug|Any CPU
		{B8E4F6C2-9A3D-4F5E-8B7A-1C2D3E4F5A6B}.Debug|Any CPU.Build.0 = Debug|Any CPU
		{B8E4F6C2-9A3D-4F5E-8B7A-1C2D3E4F5A6B}.Debug|x64.ActiveCfg = Debug|Any CPU
		{B8E4F6C2-9A3D-4F5E-8B7A-1C2D3E4F5A6B}.Debug|x64.Build.0 = Debug|Any CPU
		{B8E4F6C2-9A3D-4F5E-8B7A-1C2D3E4F5A6B}.Debug|x86.ActiveCfg = Debug|Any CPU
		{B8E4F6C2-9A3D-4F5E-8B7A-1C2D3E4F5A6B}.Debug|x86.Build.0 = Debug|Any CPU
		{B8E4F6C2-9A3D-4F5E-8B7A-1C2D3E4F5A6B}.Release|Any CPU.ActiveCfg = Release|Any CPU
		{B8E4F6C2-9A3D-4F5E-8B7A-1C2D3E4F5A6B}.Release|Any CPU.Build.0 = Release|Any CPU
		{B8E4F6C2-9A3D-4F5E-8B7A-1C2D3E4F5A6B}.Release|x64.ActiveCfg = Release|Any CPU
		{B8E4F6C2-9A3D-4F5E-8B7A-1C2D3E4F5A6B}.Release|x64.Build.0 = Release|Any CPU
		{B8E4F6C2-9A3D-4F5E-8B7A-1C2D3E4F5A6B}.Release|x86.ActiveCfg = Release|Any CPU
		{B8E4F6C2-9A3D-4F5E-8B7A-1C2D3E4F5A6B}.Release|x86.Build.0 = Release|Any CPU
	EndGlobalSection
	GlobalSection(SolutionProperties) = preSolution
		HideSolutionNode = FALSE
	EndGlobalSection
	GlobalSection(ExtensibilityGlobals) = postSolution
		SolutionGuid = {5CD2CA5D-0609-4424-AF04-F9D7DCE398EB}
	EndGlobalSection
EndGlobal
